// !$*UTF8*$!
{
	archiveVersion = 1;
	classes = {
	};
	objectVersion = 48;
	objects = {

/* Begin PBXBuildFile section */
		D4A8D8BC1F9A7F1500563EFC /* AppDelegate.swift in Sources */ = {isa = PBXBuildFile; fileRef = D4A8D8BB1F9A7F1500563EFC /* AppDelegate.swift */; };
		D4A8D8BE1F9A7F1500563EFC /* ViewController.swift in Sources */ = {isa = PBXBuildFile; fileRef = D4A8D8BD1F9A7F1500563EFC /* ViewController.swift */; };
		D4A8D8C11F9A7F1500563EFC /* Main.storyboard in Resources */ = {isa = PBXBuildFile; fileRef = D4A8D8BF1F9A7F1500563EFC /* Main.storyboard */; };
		D4A8D8C31F9A7F1500563EFC /* Assets.xcassets in Resources */ = {isa = PBXBuildFile; fileRef = D4A8D8C21F9A7F1500563EFC /* Assets.xcassets */; };
		D4A8D8C61F9A7F1500563EFC /* LaunchScreen.storyboard in Resources */ = {isa = PBXBuildFile; fileRef = D4A8D8C41F9A7F1500563EFC /* LaunchScreen.storyboard */; };
		D4A8D8CE1F9BBB8200563EFC /* StickyFooterScrollView.swift in Sources */ = {isa = PBXBuildFile; fileRef = D4A8D8CD1F9BBB8200563EFC /* StickyFooterScrollView.swift */; };
/* End PBXBuildFile section */

/* Begin PBXFileReference section */
		D4A8D8B81F9A7F1500563EFC /* ScrollViewLayout.app */ = {isa = PBXFileReference; explicitFileType = wrapper.application; includeInIndex = 0; path = ScrollViewLayout.app; sourceTree = BUILT_PRODUCTS_DIR; };
		D4A8D8BB1F9A7F1500563EFC /* AppDelegate.swift */ = {isa = PBXFileReference; lastKnownFileType = sourcecode.swift; path = AppDelegate.swift; sourceTree = "<group>"; };
		D4A8D8BD1F9A7F1500563EFC /* ViewController.swift */ = {isa = PBXFileReference; lastKnownFileType = sourcecode.swift; path = ViewController.swift; sourceTree = "<group>"; };
		D4A8D8C01F9A7F1500563EFC /* Base */ = {isa = PBXFileReference; lastKnownFileType = file.storyboard; name = Base; path = Base.lproj/Main.storyboard; sourceTree = "<group>"; };
		D4A8D8C21F9A7F1500563EFC /* Assets.xcassets */ = {isa = PBXFileReference; lastKnownFileType = folder.assetcatalog; path = Assets.xcassets; sourceTree = "<group>"; };
		D4A8D8C51F9A7F1500563EFC /* Base */ = {isa = PBXFileReference; lastKnownFileType = file.storyboard; name = Base; path = Base.lproj/LaunchScreen.storyboard; sourceTree = "<group>"; };
		D4A8D8C71F9A7F1500563EFC /* Info.plist */ = {isa = PBXFileReference; lastKnownFileType = text.plist.xml; path = Info.plist; sourceTree = "<group>"; };
		D4A8D8CD1F9BBB8200563EFC /* StickyFooterScrollView.swift */ = {isa = PBXFileReference; lastKnownFileType = sourcecode.swift; path = StickyFooterScrollView.swift; sourceTree = "<group>"; };
/* End PBXFileReference section */

/* Begin PBXFrameworksBuildPhase section */
		D4A8D8B51F9A7F1500563EFC /* Frameworks */ = {
			isa = PBXFrameworksBuildPhase;
			buildActionMask = 2147483647;
			files = (
			);
			runOnlyForDeploymentPostprocessing = 0;
		};
/* End PBXFrameworksBuildPhase section */

/* Begin PBXGroup section */
		D4A8D8AF1F9A7F1500563EFC = {
			isa = PBXGroup;
			children = (
				D4A8D8BA1F9A7F1500563EFC /* ScrollViewLayout */,
				D4A8D8B91F9A7F1500563EFC /* Products */,
			);
			sourceTree = "<group>";
		};
		D4A8D8B91F9A7F1500563EFC /* Products */ = {
			isa = PBXGroup;
			children = (
				D4A8D8B81F9A7F1500563EFC /* ScrollViewLayout.app */,
			);
			name = Products;
			sourceTree = "<group>";
		};
		D4A8D8BA1F9A7F1500563EFC /* ScrollViewLayout */ = {
			isa = PBXGroup;
			children = (
				D4A8D8BB1F9A7F1500563EFC /* AppDelegate.swift */,
				D4A8D8BD1F9A7F1500563EFC /* ViewController.swift */,
				D4A8D8CD1F9BBB8200563EFC /* StickyFooterScrollView.swift */,
				D4A8D8BF1F9A7F1500563EFC /* Main.storyboard */,
				D4A8D8C21F9A7F1500563EFC /* Assets.xcassets */,
				D4A8D8C41F9A7F1500563EFC /* LaunchScreen.storyboard */,
				D4A8D8C71F9A7F1500563EFC /* Info.plist */,
			);
			path = ScrollViewLayout;
			sourceTree = "<group>";
		};
/* End PBXGroup section */

/* Begin PBXNativeTarget section */
		D4A8D8B71F9A7F1500563EFC /* ScrollViewLayout */ = {
			isa = PBXNativeTarget;
			buildConfigurationList = D4A8D8CA1F9A7F1500563EFC /* Build configuration list for PBXNativeTarget "ScrollViewLayout" */;
			buildPhases = (
				D4A8D8B41F9A7F1500563EFC /* Sources */,
				D4A8D8B51F9A7F1500563EFC /* Frameworks */,
				D4A8D8B61F9A7F1500563EFC /* Resources */,
			);
			buildRules = (
			);
			dependencies = (
			);
			name = ScrollViewLayout;
			productName = ScrollViewLayout;
			productReference = D4A8D8B81F9A7F1500563EFC /* ScrollViewLayout.app */;
			productType = "com.apple.product-type.application";
		};
/* End PBXNativeTarget section */

/* Begin PBXProject section */
		D4A8D8B01F9A7F1500563EFC /* Project object */ = {
			isa = PBXProject;
			attributes = {
				LastSwiftUpdateCheck = 0900;
				LastUpgradeCheck = 0900;
				ORGANIZATIONNAME = "Rob Nadin";
				TargetAttributes = {
					D4A8D8B71F9A7F1500563EFC = {
						CreatedOnToolsVersion = 9.0.1;
						ProvisioningStyle = Manual;
					};
				};
			};
			buildConfigurationList = D4A8D8B31F9A7F1500563EFC /* Build configuration list for PBXProject "ScrollViewLayout" */;
			compatibilityVersion = "Xcode 8.0";
			developmentRegion = en;
			hasScannedForEncodings = 0;
			knownRegions = (
				en,
				Base,
			);
			mainGroup = D4A8D8AF1F9A7F1500563EFC;
			productRefGroup = D4A8D8B91F9A7F1500563EFC /* Products */;
			projectDirPath = "";
			projectRoot = "";
			targets = (
				D4A8D8B71F9A7F1500563EFC /* ScrollViewLayout */,
			);
		};
/* End PBXProject section */

/* Begin PBXResourcesBuildPhase section */
		D4A8D8B61F9A7F1500563EFC /* Resources */ = {
			isa = PBXResourcesBuildPhase;
			buildActionMask = 2147483647;
			files = (
				D4A8D8C61F9A7F1500563EFC /* LaunchScreen.storyboard in Resources */,
				D4A8D8C31F9A7F1500563EFC /* Assets.xcassets in Resources */,
				D4A8D8C11F9A7F1500563EFC /* Main.storyboard in Resources */,
			);
			runOnlyForDeploymentPostprocessing = 0;
		};
/* End PBXResourcesBuildPhase section */

/* Begin PBXSourcesBuildPhase section */
		D4A8D8B41F9A7F1500563EFC /* Sources */ = {
			isa = PBXSourcesBuildPhase;
			buildActionMask = 2147483647;
			files = (
				D4A8D8BE1F9A7F1500563EFC /* ViewController.swift in Sources */,
				D4A8D8CE1F9BBB8200563EFC /* StickyFooterScrollView.swift in Sources */,
				D4A8D8BC1F9A7F1500563EFC /* AppDelegate.swift in Sources */,
			);
			runOnlyForDeploymentPostprocessing = 0;
		};
/* End PBXSourcesBuildPhase section */

/* Begin PBXVariantGroup section */
		D4A8D8BF1F9A7F1500563EFC /* Main.storyboard */ = {
			isa = PBXVariantGroup;
			children = (
				D4A8D8C01F9A7F1500563EFC /* Base */,
			);
			name = Main.storyboard;
			sourceTree = "<group>";
		};
		D4A8D8C41F9A7F1500563EFC /* LaunchScreen.storyboard */ = {
			isa = PBXVariantGroup;
			children = (
				D4A8D8C51F9A7F1500563EFC /* Base */,
			);
			name = LaunchScreen.storyboard;
			sourceTree = "<group>";
		};
/* End PBXVariantGroup section */

/* Begin XCBuildConfiguration section */
		D4A8D8C81F9A7F1500563EFC /* Debug */ = {
			isa = XCBuildConfiguration;
			buildSettings = {
				ALWAYS_SEARCH_USER_PATHS = NO;
				CLANG_ANALYZER_NONNULL = YES;
				CLANG_ANALYZER_NUMBER_OBJECT_CONVERSION = YES_AGGRESSIVE;
				CLANG_CXX_LANGUAGE_STANDARD = "gnu++14";
				CLANG_CXX_LIBRARY = "libc++";
				CLANG_ENABLE_MODULES = YES;
				CLANG_ENABLE_OBJC_ARC = YES;
				CLANG_WARN_BLOCK_CAPTURE_AUTORELEASING = YES;
				CLANG_WARN_BOOL_CONVERSION = YES;
				CLANG_WARN_COMMA = YES;
				CLANG_WARN_CONSTANT_CONVERSION = YES;
				CLANG_WARN_DIRECT_OBJC_ISA_USAGE = YES_ERROR;
				CLANG_WARN_DOCUMENTATION_COMMENTS = YES;
				CLANG_WARN_EMPTY_BODY = YES;
				CLANG_WARN_ENUM_CONVERSION = YES;
				CLANG_WARN_INFINITE_RECURSION = YES;
				CLANG_WARN_INT_CONVERSION = YES;
				CLANG_WARN_NON_LITERAL_NULL_CONVERSION = YES;
				CLANG_WARN_OBJC_LITERAL_CONVERSION = YES;
				CLANG_WARN_OBJC_ROOT_CLASS = YES_ERROR;
				CLANG_WARN_RANGE_LOOP_ANALYSIS = YES;
				CLANG_WARN_STRICT_PROTOTYPES = YES;
				CLANG_WARN_SUSPICIOUS_MOVE = YES;
				CLANG_WARN_UNGUARDED_AVAILABILITY = YES_AGGRESSIVE;
				CLANG_WARN_UNREACHABLE_CODE = YES;
				CLANG_WARN__DUPLICATE_METHOD_MATCH = YES;
				CODE_SIGN_IDENTITY = "iPhone Developer";
				COPY_PHASE_STRIP = NO;
				DEBUG_INFORMATION_FORMAT = dwarf;
				ENABLE_STRICT_OBJC_MSGSEND = YES;
				ENABLE_TESTABILITY = YES;
				GCC_C_LANGUAGE_STANDARD = gnu11;
				GCC_DYNAMIC_NO_PIC = NO;
				GCC_NO_COMMON_BLOCKS = YES;
				GCC_OPTIMIZATION_LEVEL = 0;
				GCC_PREPROCESSOR_DEFINITIONS = (
					"DEBUG=1",
					"$(inherited)",
				);
				GCC_WARN_64_TO_32_BIT_CONVERSION = YES;
				GCC_WARN_ABOUT_RETURN_TYPE = YES_ERROR;
				GCC_WARN_UNDECLARED_SELECTOR = YES;
				GCC_WARN_UNINITIALIZED_AUTOS = YES_AGGRESSIVE;
				GCC_WARN_UNUSED_FUNCTION = YES;
				GCC_WARN_UNUSED_VARIABLE = YES;
				IPHONEOS_DEPLOYMENT_TARGET = 10.0;
				MTL_ENABLE_DEBUG_INFO = YES;
				ONLY_ACTIVE_ARCH = YES;
				SDKROOT = iphoneos;
				SWIFT_ACTIVE_COMPILATION_CONDITIONS = DEBUG;
				SWIFT_OPTIMIZATION_LEVEL = "-Onone";
			};
			name = Debug;
		};
		D4A8D8C91F9A7F1500563EFC /* Release */ = {
			isa = XCBuildConfiguration;
			buildSettings = {
				ALWAYS_SEARCH_USER_PATHS = NO;
				CLANG_ANALYZER_NONNULL = YES;
				CLANG_ANALYZER_NUMBER_OBJECT_CONVERSION = YES_AGGRESSIVE;
				CLANG_CXX_LANGUAGE_STANDARD = "gnu++14";
				CLANG_CXX_LIBRARY = "libc++";
				CLANG_ENABLE_MODULES = YES;
				CLANG_ENABLE_OBJC_ARC = YES;
				CLANG_WARN_BLOCK_CAPTURE_AUTORELEASING = YES;
				CLANG_WARN_BOOL_CONVERSION = YES;
				CLANG_WARN_COMMA = YES;
				CLANG_WARN_CONSTANT_CONVERSION = YES;
				CLANG_WARN_DIRECT_OBJC_ISA_USAGE = YES_ERROR;
				CLANG_WARN_DOCUMENTATION_COMMENTS = YES;
				CLANG_WARN_EMPTY_BODY = YES;
				CLANG_WARN_ENUM_CONVERSION = YES;
				CLANG_WARN_INFINITE_RECURSION = YES;
				CLANG_WARN_INT_CONVERSION = YES;
				CLANG_WARN_NON_LITERAL_NULL_CONVERSION = YES;
				CLANG_WARN_OBJC_LITERAL_CONVERSION = YES;
				CLANG_WARN_OBJC_ROOT_CLASS = YES_ERROR;
				CLANG_WARN_RANGE_LOOP_ANALYSIS = YES;
				CLANG_WARN_STRICT_PROTOTYPES = YES;
				CLANG_WARN_SUSPICIOUS_MOVE = YES;
				CLANG_WARN_UNGUARDED_AVAILABILITY = YES_AGGRESSIVE;
				CLANG_WARN_UNREACHABLE_CODE = YES;
				CLANG_WARN__DUPLICATE_METHOD_MATCH = YES;
				CODE_SIGN_IDENTITY = "iPhone Developer";
				COPY_PHASE_STRIP = NO;
				DEBUG_INFORMATION_FORMAT = "dwarf-with-dsym";
				ENABLE_NS_ASSERTIONS = NO;
				ENABLE_STRICT_OBJC_MSGSEND = YES;
				GCC_C_LANGUAGE_STANDARD = gnu11;
				GCC_NO_COMMON_BLOCKS = YES;
				GCC_WARN_64_TO_32_BIT_CONVERSION = YES;
				GCC_WARN_ABOUT_RETURN_TYPE = YES_ERROR;
				GCC_WARN_UNDECLARED_SELECTOR = YES;
				GCC_WARN_UNINITIALIZED_AUTOS = YES_AGGRESSIVE;
				GCC_WARN_UNUSED_FUNCTION = YES;
				GCC_WARN_UNUSED_VARIABLE = YES;
				IPHONEOS_DEPLOYMENT_TARGET = 10.0;
				MTL_ENABLE_DEBUG_INFO = NO;
				SDKROOT = iphoneos;
				SWIFT_OPTIMIZATION_LEVEL = "-Owholemodule";
				VALIDATE_PRODUCT = YES;
			};
			name = Release;
		};
		D4A8D8CB1F9A7F1500563EFC /* Debug */ = {
			isa = XCBuildConfiguration;
			buildSettings = {
				ASSETCATALOG_COMPILER_APPICON_NAME = AppIcon;
				CODE_SIGN_STYLE = Manual;
				DEVELOPMENT_TEAM = "";
				INFOPLIST_FILE = ScrollViewLayout/Info.plist;
				LD_RUNPATH_SEARCH_PATHS = "$(inherited) @executable_path/Frameworks";
				PRODUCT_BUNDLE_IDENTIFIER = com.robnadin.ScrollViewLayout;
				PRODUCT_NAME = "$(TARGET_NAME)";
				PROVISIONING_PROFILE_SPECIFIER = "";
				SWIFT_VERSION = 4.0;
				TARGETED_DEVICE_FAMILY = "1,2";
			};
			name = Debug;
		};
		D4A8D8CC1F9A7F1500563EFC /* Release */ = {
			isa = XCBuildConfiguration;
			buildSettings = {
				ASSETCATALOG_COMPILER_APPICON_NAME = AppIcon;
				CODE_SIGN_STYLE = Manual;
				DEVELOPMENT_TEAM = "";
				INFOPLIST_FILE = ScrollViewLayout/Info.plist;
				LD_RUNPATH_SEARCH_PATHS = "$(inherited) @executable_path/Frameworks";
				PRODUCT_BUNDLE_IDENTIFIER = com.robnadin.ScrollViewLayout;
				PRODUCT_NAME = "$(TARGET_NAME)";
				PROVISIONING_PROFILE_SPECIFIER = "";
				SWIFT_VERSION = 4.0;
				TARGETED_DEVICE_FAMILY = "1,2";
			};
			name = Release;
		};
/* End XCBuildConfiguration section */

/* Begin XCConfigurationList section */
		D4A8D8B31F9A7F1500563EFC /* Build configuration list for PBXProject "ScrollViewLayout" */ = {
			isa = XCConfigurationList;
			buildConfigurations = (
				D4A8D8C81F9A7F1500563EFC /* Debug */,
				D4A8D8C91F9A7F1500563EFC /* Release */,
			);
			defaultConfigurationIsVisible = 0;
			defaultConfigurationName = Release;
		};
		D4A8D8CA1F9A7F1500563EFC /* Build configuration list for PBXNativeTarget "ScrollViewLayout" */ = {
			isa = XCConfigurationList;
			buildConfigurations = (
				D4A8D8CB1F9A7F1500563EFC /* Debug */,
				D4A8D8CC1F9A7F1500563EFC /* Release */,
			);
			defaultConfigurationIsVisible = 0;
			defaultConfigurationName = Release;
		};
/* End XCConfigurationList section */
	};
	rootObject = D4A8D8B01F9A7F1500563EFC /* Project object */;
}
